// !$*UTF8*$!
{
	archiveVersion = 1;
	classes = {
	};
	objectVersion = 56;
	objects = {

/* Begin PBXBuildFile section */
		2281F79A2A2CE725002EE4F0 /* AppDelegate.swift in Sources */ = {isa = PBXBuildFile; fileRef = 2281F7992A2CE725002EE4F0 /* AppDelegate.swift */; };
		2281F79C2A2CE725002EE4F0 /* SceneDelegate.swift in Sources */ = {isa = PBXBuildFile; fileRef = 2281F79B2A2CE725002EE4F0 /* SceneDelegate.swift */; };
		2281F7A32A2CE726002EE4F0 /* Assets.xcassets in Resources */ = {isa = PBXBuildFile; fileRef = 2281F7A22A2CE726002EE4F0 /* Assets.xcassets */; };
		2281F7A62A2CE726002EE4F0 /* LaunchScreen.storyboard in Resources */ = {isa = PBXBuildFile; fileRef = 2281F7A42A2CE726002EE4F0 /* LaunchScreen.storyboard */; };
		2281F7AE2A2CE7CC002EE4F0 /* NewsVC.swift in Sources */ = {isa = PBXBuildFile; fileRef = 2281F7AD2A2CE7CC002EE4F0 /* NewsVC.swift */; };
		2281F7B02A2CE7F2002EE4F0 /* SearchVC.swift in Sources */ = {isa = PBXBuildFile; fileRef = 2281F7AF2A2CE7F2002EE4F0 /* SearchVC.swift */; };
		2281F7B22A2CE80C002EE4F0 /* ListVC.swift in Sources */ = {isa = PBXBuildFile; fileRef = 2281F7B12A2CE80C002EE4F0 /* ListVC.swift */; };
		2281F7B92A2CE8F6002EE4F0 /* NewsModel.swift in Sources */ = {isa = PBXBuildFile; fileRef = 2281F7B82A2CE8F6002EE4F0 /* NewsModel.swift */; };
		2281F7BC2A2CEA3D002EE4F0 /* NetworkManager.swift in Sources */ = {isa = PBXBuildFile; fileRef = 2281F7BB2A2CEA3D002EE4F0 /* NetworkManager.swift */; };
		2281F7BF2A2CEAA0002EE4F0 /* NewsService.swift in Sources */ = {isa = PBXBuildFile; fileRef = 2281F7BE2A2CEAA0002EE4F0 /* NewsService.swift */; };
/* End PBXBuildFile section */

/* Begin PBXFileReference section */
		2281F7962A2CE725002EE4F0 /* banana.app */ = {isa = PBXFileReference; explicitFileType = wrapper.application; includeInIndex = 0; path = banana.app; sourceTree = BUILT_PRODUCTS_DIR; };
		2281F7992A2CE725002EE4F0 /* AppDelegate.swift */ = {isa = PBXFileReference; lastKnownFileType = sourcecode.swift; path = AppDelegate.swift; sourceTree = "<group>"; };
		2281F79B2A2CE725002EE4F0 /* SceneDelegate.swift */ = {isa = PBXFileReference; lastKnownFileType = sourcecode.swift; path = SceneDelegate.swift; sourceTree = "<group>"; };
		2281F7A22A2CE726002EE4F0 /* Assets.xcassets */ = {isa = PBXFileReference; lastKnownFileType = folder.assetcatalog; path = Assets.xcassets; sourceTree = "<group>"; };
		2281F7A52A2CE726002EE4F0 /* Base */ = {isa = PBXFileReference; lastKnownFileType = file.storyboard; name = Base; path = Base.lproj/LaunchScreen.storyboard; sourceTree = "<group>"; };
		2281F7A72A2CE726002EE4F0 /* Info.plist */ = {isa = PBXFileReference; lastKnownFileType = text.plist.xml; path = Info.plist; sourceTree = "<group>"; };
		2281F7AD2A2CE7CC002EE4F0 /* NewsVC.swift */ = {isa = PBXFileReference; lastKnownFileType = sourcecode.swift; path = NewsVC.swift; sourceTree = "<group>"; };
		2281F7AF2A2CE7F2002EE4F0 /* SearchVC.swift */ = {isa = PBXFileReference; lastKnownFileType = sourcecode.swift; path = SearchVC.swift; sourceTree = "<group>"; };
		2281F7B12A2CE80C002EE4F0 /* ListVC.swift */ = {isa = PBXFileReference; lastKnownFileType = sourcecode.swift; path = ListVC.swift; sourceTree = "<group>"; };
		2281F7B82A2CE8F6002EE4F0 /* NewsModel.swift */ = {isa = PBXFileReference; lastKnownFileType = sourcecode.swift; path = NewsModel.swift; sourceTree = "<group>"; };
		2281F7BB2A2CEA3D002EE4F0 /* NetworkManager.swift */ = {isa = PBXFileReference; lastKnownFileType = sourcecode.swift; path = NetworkManager.swift; sourceTree = "<group>"; };
		2281F7BE2A2CEAA0002EE4F0 /* NewsService.swift */ = {isa = PBXFileReference; lastKnownFileType = sourcecode.swift; path = NewsService.swift; sourceTree = "<group>"; };
/* End PBXFileReference section */

/* Begin PBXFrameworksBuildPhase section */
		2281F7932A2CE725002EE4F0 /* Frameworks */ = {
			isa = PBXFrameworksBuildPhase;
			buildActionMask = 2147483647;
			files = (
			);
			runOnlyForDeploymentPostprocessing = 0;
		};
/* End PBXFrameworksBuildPhase section */

/* Begin PBXGroup section */
		2281F78D2A2CE725002EE4F0 = {
			isa = PBXGroup;
			children = (
				2281F7982A2CE725002EE4F0 /* banana */,
				2281F7972A2CE725002EE4F0 /* Products */,
			);
			sourceTree = "<group>";
		};
		2281F7972A2CE725002EE4F0 /* Products */ = {
			isa = PBXGroup;
			children = (
				2281F7962A2CE725002EE4F0 /* banana.app */,
			);
			name = Products;
			sourceTree = "<group>";
		};
		2281F7982A2CE725002EE4F0 /* banana */ = {
			isa = PBXGroup;
			children = (
				2281F7B32A2CE88B002EE4F0 /* Extensions */,
				2281F7B72A2CE8ED002EE4F0 /* Model */,
				2281F7BA2A2CEA35002EE4F0 /* Managers */,
				2281F7BD2A2CEA71002EE4F0 /* Services */,
				2281F7B42A2CE896002EE4F0 /* Custom Views */,
				2281F7B52A2CE89B002EE4F0 /* Screens */,
				2281F7B62A2CE8AE002EE4F0 /* Support */,
				2281F7A72A2CE726002EE4F0 /* Info.plist */,
			);
			path = banana;
			sourceTree = "<group>";
		};
		2281F7B32A2CE88B002EE4F0 /* Extensions */ = {
			isa = PBXGroup;
			children = (
			);
			path = Extensions;
			sourceTree = "<group>";
		};
		2281F7B42A2CE896002EE4F0 /* Custom Views */ = {
			isa = PBXGroup;
			children = (
			);
			path = "Custom Views";
			sourceTree = "<group>";
		};
		2281F7B52A2CE89B002EE4F0 /* Screens */ = {
			isa = PBXGroup;
			children = (
				2281F7AD2A2CE7CC002EE4F0 /* NewsVC.swift */,
				2281F7AF2A2CE7F2002EE4F0 /* SearchVC.swift */,
				2281F7B12A2CE80C002EE4F0 /* ListVC.swift */,
			);
			path = Screens;
			sourceTree = "<group>";
		};
		2281F7B62A2CE8AE002EE4F0 /* Support */ = {
			isa = PBXGroup;
			children = (
				2281F7992A2CE725002EE4F0 /* AppDelegate.swift */,
				2281F79B2A2CE725002EE4F0 /* SceneDelegate.swift */,
				2281F7A22A2CE726002EE4F0 /* Assets.xcassets */,
				2281F7A42A2CE726002EE4F0 /* LaunchScreen.storyboard */,
			);
			path = Support;
			sourceTree = "<group>";
		};
		2281F7B72A2CE8ED002EE4F0 /* Model */ = {
			isa = PBXGroup;
			children = (
				2281F7B82A2CE8F6002EE4F0 /* NewsModel.swift */,
			);
			path = Model;
			sourceTree = "<group>";
		};
		2281F7BA2A2CEA35002EE4F0 /* Managers */ = {
			isa = PBXGroup;
			children = (
				2281F7BB2A2CEA3D002EE4F0 /* NetworkManager.swift */,
			);
			path = Managers;
			sourceTree = "<group>";
		};
		2281F7BD2A2CEA71002EE4F0 /* Services */ = {
			isa = PBXGroup;
			children = (
				2281F7BE2A2CEAA0002EE4F0 /* NewsService.swift */,
			);
			path = Services;
			sourceTree = "<group>";
		};
/* End PBXGroup section */

/* Begin PBXNativeTarget section */
		2281F7952A2CE725002EE4F0 /* banana */ = {
			isa = PBXNativeTarget;
			buildConfigurationList = 2281F7AA2A2CE726002EE4F0 /* Build configuration list for PBXNativeTarget "banana" */;
			buildPhases = (
				2281F7922A2CE725002EE4F0 /* Sources */,
				2281F7932A2CE725002EE4F0 /* Frameworks */,
				2281F7942A2CE725002EE4F0 /* Resources */,
			);
			buildRules = (
			);
			dependencies = (
			);
			name = banana;
			productName = banana;
			productReference = 2281F7962A2CE725002EE4F0 /* banana.app */;
			productType = "com.apple.product-type.application";
		};
/* End PBXNativeTarget section */

/* Begin PBXProject section */
		2281F78E2A2CE725002EE4F0 /* Project object */ = {
			isa = PBXProject;
			attributes = {
				BuildIndependentTargetsInParallel = 1;
				LastSwiftUpdateCheck = 1430;
				LastUpgradeCheck = 1430;
				TargetAttributes = {
					2281F7952A2CE725002EE4F0 = {
						CreatedOnToolsVersion = 14.3;
					};
				};
			};
			buildConfigurationList = 2281F7912A2CE725002EE4F0 /* Build configuration list for PBXProject "banana" */;
			compatibilityVersion = "Xcode 14.0";
			developmentRegion = en;
			hasScannedForEncodings = 0;
			knownRegions = (
				en,
				Base,
			);
			mainGroup = 2281F78D2A2CE725002EE4F0;
			productRefGroup = 2281F7972A2CE725002EE4F0 /* Products */;
			projectDirPath = "";
			projectRoot = "";
			targets = (
				2281F7952A2CE725002EE4F0 /* banana */,
			);
		};
/* End PBXProject section */

/* Begin PBXResourcesBuildPhase section */
		2281F7942A2CE725002EE4F0 /* Resources */ = {
			isa = PBXResourcesBuildPhase;
			buildActionMask = 2147483647;
			files = (
				2281F7A62A2CE726002EE4F0 /* LaunchScreen.storyboard in Resources */,
				2281F7A32A2CE726002EE4F0 /* Assets.xcassets in Resources */,
			);
			runOnlyForDeploymentPostprocessing = 0;
		};
/* End PBXResourcesBuildPhase section */

/* Begin PBXSourcesBuildPhase section */
		2281F7922A2CE725002EE4F0 /* Sources */ = {
			isa = PBXSourcesBuildPhase;
			buildActionMask = 2147483647;
			files = (
				2281F7B92A2CE8F6002EE4F0 /* NewsModel.swift in Sources */,
				2281F7B22A2CE80C002EE4F0 /* ListVC.swift in Sources */,
				2281F7BF2A2CEAA0002EE4F0 /* NewsService.swift in Sources */,
				2281F7B02A2CE7F2002EE4F0 /* SearchVC.swift in Sources */,
				2281F7BC2A2CEA3D002EE4F0 /* NetworkManager.swift in Sources */,
				2281F7AE2A2CE7CC002EE4F0 /* NewsVC.swift in Sources */,
				2281F79A2A2CE725002EE4F0 /* AppDelegate.swift in Sources */,
				2281F79C2A2CE725002EE4F0 /* SceneDelegate.swift in Sources */,
			);
			runOnlyForDeploymentPostprocessing = 0;
		};
/* End PBXSourcesBuildPhase section */

/* Begin PBXVariantGroup section */
		2281F7A42A2CE726002EE4F0 /* LaunchScreen.storyboard */ = {
			isa = PBXVariantGroup;
			children = (
				2281F7A52A2CE726002EE4F0 /* Base */,
			);
			name = LaunchScreen.storyboard;
			sourceTree = "<group>";
		};
/* End PBXVariantGroup section */

/* Begin XCBuildConfiguration section */
		2281F7A82A2CE726002EE4F0 /* Debug */ = {
			isa = XCBuildConfiguration;
			buildSettings = {
				ALWAYS_SEARCH_USER_PATHS = NO;
				CLANG_ANALYZER_NONNULL = YES;
				CLANG_ANALYZER_NUMBER_OBJECT_CONVERSION = YES_AGGRESSIVE;
				CLANG_CXX_LANGUAGE_STANDARD = "gnu++20";
				CLANG_ENABLE_MODULES = YES;
				CLANG_ENABLE_OBJC_ARC = YES;
				CLANG_ENABLE_OBJC_WEAK = YES;
				CLANG_WARN_BLOCK_CAPTURE_AUTORELEASING = YES;
				CLANG_WARN_BOOL_CONVERSION = YES;
				CLANG_WARN_COMMA = YES;
				CLANG_WARN_CONSTANT_CONVERSION = YES;
				CLANG_WARN_DEPRECATED_OBJC_IMPLEMENTATIONS = YES;
				CLANG_WARN_DIRECT_OBJC_ISA_USAGE = YES_ERROR;
				CLANG_WARN_DOCUMENTATION_COMMENTS = YES;
				CLANG_WARN_EMPTY_BODY = YES;
				CLANG_WARN_ENUM_CONVERSION = YES;
				CLANG_WARN_INFINITE_RECURSION = YES;
				CLANG_WARN_INT_CONVERSION = YES;
				CLANG_WARN_NON_LITERAL_NULL_CONVERSION = YES;
				CLANG_WARN_OBJC_IMPLICIT_RETAIN_SELF = YES;
				CLANG_WARN_OBJC_LITERAL_CONVERSION = YES;
				CLANG_WARN_OBJC_ROOT_CLASS = YES_ERROR;
				CLANG_WARN_QUOTED_INCLUDE_IN_FRAMEWORK_HEADER = YES;
				CLANG_WARN_RANGE_LOOP_ANALYSIS = YES;
				CLANG_WARN_STRICT_PROTOTYPES = YES;
				CLANG_WARN_SUSPICIOUS_MOVE = YES;
				CLANG_WARN_UNGUARDED_AVAILABILITY = YES_AGGRESSIVE;
				CLANG_WARN_UNREACHABLE_CODE = YES;
				CLANG_WARN__DUPLICATE_METHOD_MATCH = YES;
				COPY_PHASE_STRIP = NO;
				DEBUG_INFORMATION_FORMAT = dwarf;
				ENABLE_STRICT_OBJC_MSGSEND = YES;
				ENABLE_TESTABILITY = YES;
				GCC_C_LANGUAGE_STANDARD = gnu11;
				GCC_DYNAMIC_NO_PIC = NO;
				GCC_NO_COMMON_BLOCKS = YES;
				GCC_OPTIMIZATION_LEVEL = 0;
				GCC_PREPROCESSOR_DEFINITIONS = (
					"DEBUG=1",
					"$(inherited)",
				);
				GCC_WARN_64_TO_32_BIT_CONVERSION = YES;
				GCC_WARN_ABOUT_RETURN_TYPE = YES_ERROR;
				GCC_WARN_UNDECLARED_SELECTOR = YES;
				GCC_WARN_UNINITIALIZED_AUTOS = YES_AGGRESSIVE;
				GCC_WARN_UNUSED_FUNCTION = YES;
				GCC_WARN_UNUSED_VARIABLE = YES;
				IPHONEOS_DEPLOYMENT_TARGET = 16.4;
				MTL_ENABLE_DEBUG_INFO = INCLUDE_SOURCE;
				MTL_FAST_MATH = YES;
				ONLY_ACTIVE_ARCH = YES;
				SDKROOT = iphoneos;
				SWIFT_ACTIVE_COMPILATION_CONDITIONS = DEBUG;
				SWIFT_OPTIMIZATION_LEVEL = "-Onone";
			};
			name = Debug;
		};
		2281F7A92A2CE726002EE4F0 /* Release */ = {
			isa = XCBuildConfiguration;
			buildSettings = {
				ALWAYS_SEARCH_USER_PATHS = NO;
				CLANG_ANALYZER_NONNULL = YES;
				CLANG_ANALYZER_NUMBER_OBJECT_CONVERSION = YES_AGGRESSIVE;
				CLANG_CXX_LANGUAGE_STANDARD = "gnu++20";
				CLANG_ENABLE_MODULES = YES;
				CLANG_ENABLE_OBJC_ARC = YES;
				CLANG_ENABLE_OBJC_WEAK = YES;
				CLANG_WARN_BLOCK_CAPTURE_AUTORELEASING = YES;
				CLANG_WARN_BOOL_CONVERSION = YES;
				CLANG_WARN_COMMA = YES;
				CLANG_WARN_CONSTANT_CONVERSION = YES;
				CLANG_WARN_DEPRECATED_OBJC_IMPLEMENTATIONS = YES;
				CLANG_WARN_DIRECT_OBJC_ISA_USAGE = YES_ERROR;
				CLANG_WARN_DOCUMENTATION_COMMENTS = YES;
				CLANG_WARN_EMPTY_BODY = YES;
				CLANG_WARN_ENUM_CONVERSION = YES;
				CLANG_WARN_INFINITE_RECURSION = YES;
				CLANG_WARN_INT_CONVERSION = YES;
				CLANG_WARN_NON_LITERAL_NULL_CONVERSION = YES;
				CLANG_WARN_OBJC_IMPLICIT_RETAIN_SELF = YES;
				CLANG_WARN_OBJC_LITERAL_CONVERSION = YES;
				CLANG_WARN_OBJC_ROOT_CLASS = YES_ERROR;
				CLANG_WARN_QUOTED_INCLUDE_IN_FRAMEWORK_HEADER = YES;
				CLANG_WARN_RANGE_LOOP_ANALYSIS = YES;
				CLANG_WARN_STRICT_PROTOTYPES = YES;
				CLANG_WARN_SUSPICIOUS_MOVE = YES;
				CLANG_WARN_UNGUARDED_AVAILABILITY = YES_AGGRESSIVE;
				CLANG_WARN_UNREACHABLE_CODE = YES;
				CLANG_WARN__DUPLICATE_METHOD_MATCH = YES;
				COPY_PHASE_STRIP = NO;
				DEBUG_INFORMATION_FORMAT = "dwarf-with-dsym";
				ENABLE_NS_ASSERTIONS = NO;
				ENABLE_STRICT_OBJC_MSGSEND = YES;
				GCC_C_LANGUAGE_STANDARD = gnu11;
				GCC_NO_COMMON_BLOCKS = YES;
				GCC_WARN_64_TO_32_BIT_CONVERSION = YES;
				GCC_WARN_ABOUT_RETURN_TYPE = YES_ERROR;
				GCC_WARN_UNDECLARED_SELECTOR = YES;
				GCC_WARN_UNINITIALIZED_AUTOS = YES_AGGRESSIVE;
				GCC_WARN_UNUSED_FUNCTION = YES;
				GCC_WARN_UNUSED_VARIABLE = YES;
				IPHONEOS_DEPLOYMENT_TARGET = 16.4;
				MTL_ENABLE_DEBUG_INFO = NO;
				MTL_FAST_MATH = YES;
				SDKROOT = iphoneos;
				SWIFT_COMPILATION_MODE = wholemodule;
				SWIFT_OPTIMIZATION_LEVEL = "-O";
				VALIDATE_PRODUCT = YES;
			};
			name = Release;
		};
		2281F7AB2A2CE726002EE4F0 /* Debug */ = {
			isa = XCBuildConfiguration;
			buildSettings = {
				ASSETCATALOG_COMPILER_APPICON_NAME = AppIcon;
				ASSETCATALOG_COMPILER_GLOBAL_ACCENT_COLOR_NAME = AccentColor;
				CODE_SIGN_STYLE = Automatic;
				CURRENT_PROJECT_VERSION = 1;
				DEVELOPMENT_TEAM = 6HF4JSQNA4;
				GENERATE_INFOPLIST_FILE = YES;
				INFOPLIST_FILE = banana/Info.plist;
				INFOPLIST_KEY_UIApplicationSupportsIndirectInputEvents = YES;
				INFOPLIST_KEY_UILaunchStoryboardName = LaunchScreen;
				INFOPLIST_KEY_UISupportedInterfaceOrientations = UIInterfaceOrientationPortrait;
				INFOPLIST_KEY_UISupportedInterfaceOrientations_iPad = "UIInterfaceOrientationLandscapeLeft UIInterfaceOrientationLandscapeRight UIInterfaceOrientationPortrait UIInterfaceOrientationPortraitUpsideDown";
				LD_RUNPATH_SEARCH_PATHS = (
					"$(inherited)",
					"@executable_path/Frameworks",
				);
				MARKETING_VERSION = 1.0;
				PRODUCT_BUNDLE_IDENTIFIER = com.dnzhelloo.banana;
				PRODUCT_NAME = "$(TARGET_NAME)";
				SWIFT_EMIT_LOC_STRINGS = YES;
				SWIFT_VERSION = 5.0;
				TARGETED_DEVICE_FAMILY = "1,2";
			};
			name = Debug;
		};
		2281F7AC2A2CE726002EE4F0 /* Release */ = {
			isa = XCBuildConfiguration;
			buildSettings = {
				ASSETCATALOG_COMPILER_APPICON_NAME = AppIcon;
				ASSETCATALOG_COMPILER_GLOBAL_ACCENT_COLOR_NAME = AccentColor;
				CODE_SIGN_STYLE = Automatic;
				CURRENT_PROJECT_VERSION = 1;
				DEVELOPMENT_TEAM = 6HF4JSQNA4;
				GENERATE_INFOPLIST_FILE = YES;
				INFOPLIST_FILE = banana/Info.plist;
				INFOPLIST_KEY_UIApplicationSupportsIndirectInputEvents = YES;
				INFOPLIST_KEY_UILaunchStoryboardName = LaunchScreen;
				INFOPLIST_KEY_UISupportedInterfaceOrientations = UIInterfaceOrientationPortrait;
				INFOPLIST_KEY_UISupportedInterfaceOrientations_iPad = "UIInterfaceOrientationLandscapeLeft UIInterfaceOrientationLandscapeRight UIInterfaceOrientationPortrait UIInterfaceOrientationPortraitUpsideDown";
				LD_RUNPATH_SEARCH_PATHS = (
					"$(inherited)",
					"@executable_path/Frameworks",
				);
				MARKETING_VERSION = 1.0;
				PRODUCT_BUNDLE_IDENTIFIER = com.dnzhelloo.banana;
				PRODUCT_NAME = "$(TARGET_NAME)";
				SWIFT_EMIT_LOC_STRINGS = YES;
				SWIFT_VERSION = 5.0;
				TARGETED_DEVICE_FAMILY = "1,2";
			};
			name = Release;
		};
/* End XCBuildConfiguration section */

/* Begin XCConfigurationList section */
		2281F7912A2CE725002EE4F0 /* Build configuration list for PBXProject "banana" */ = {
			isa = XCConfigurationList;
			buildConfigurations = (
				2281F7A82A2CE726002EE4F0 /* Debug */,
				2281F7A92A2CE726002EE4F0 /* Release */,
			);
			defaultConfigurationIsVisible = 0;
			defaultConfigurationName = Release;
		};
		2281F7AA2A2CE726002EE4F0 /* Build configuration list for PBXNativeTarget "banana" */ = {
			isa = XCConfigurationList;
			buildConfigurations = (
				2281F7AB2A2CE726002EE4F0 /* Debug */,
				2281F7AC2A2CE726002EE4F0 /* Release */,
			);
			defaultConfigurationIsVisible = 0;
			defaultConfigurationName = Release;
		};
/* End XCConfigurationList section */
	};
	rootObject = 2281F78E2A2CE725002EE4F0 /* Project object */;
}
